
Microsoft Visual Studio Solution File, Format Version 12.00
# Visual Studio Version 16
VisualStudioVersion = 16.0.31729.503
MinimumVisualStudioVersion = 10.0.40219.1
Project("{FAE04EC0-301F-11D3-BF4B-00C04F79EFBC}") = "VypisPrvocisel", "VypisPrvocisel\VypisPrvocisel.csproj", "{2B8B7FF7-E269-40C5-8AC4-E5891D514E8E}"
EndProject
Project("{FAE04EC0-301F-11D3-BF4B-00C04F79EFBC}") = "ConsoleApp1", "ConsoleApp1\ConsoleApp1.csproj", "{9C7D2A33-FC6F-44F0-99E3-690DC9C645C0}"
EndProject
Global
	GlobalSection(SolutionConfigurationPlatforms) = preSolution
		Debug|Any CPU = Debug|Any CPU
		Release|Any CPU = Release|Any CPU
	EndGlobalSection
	GlobalSection(ProjectConfigurationPlatforms) = postSolution
		{2B8B7FF7-E269-40C5-8AC4-E5891D514E8E}.Debug|Any CPU.ActiveCfg = Debug|Any CPU
		{2B8B7FF7-E269-40C5-8AC4-E5891D514E8E}.Debug|Any CPU.Build.0 = Debug|Any CPU
		{2B8B7FF7-E269-40C5-8AC4-E5891D514E8E}.Release|Any CPU.ActiveCfg = Release|Any CPU
		{2B8B7FF7-E269-40C5-8AC4-E5891D514E8E}.Release|Any CPU.Build.0 = Release|Any CPU
		{9C7D2A33-FC6F-44F0-99E3-690DC9C645C0}.Debug|Any CPU.ActiveCfg = Debug|Any CPU
		{9C7D2A33-FC6F-44F0-99E3-690DC9C645C0}.Debug|Any CPU.Build.0 = Debug|Any CPU
		{9C7D2A33-FC6F-44F0-99E3-690DC9C645C0}.Release|Any CPU.ActiveCfg = Release|Any CPU
		{9C7D2A33-FC6F-44F0-99E3-690DC9C645C0}.Release|Any CPU.Build.0 = Release|Any CPU
	EndGlobalSection
	GlobalSection(SolutionProperties) = preSolution
		HideSolutionNode = FALSE
	EndGlobalSection
	GlobalSection(ExtensibilityGlobals) = postSolution
		SolutionGuid = {398D3EB5-EE15-41BE-800F-B18342ED5FFE}
	EndGlobalSection
EndGlobal
